
Microsoft Visual Studio Solution File, Format Version 12.00
# Visual Studio Version 17
VisualStudioVersion = 17.0.31903.59
MinimumVisualStudioVersion = 10.0.40219.1
Project("{FAE04EC0-301F-11D3-BF4B-00C04F79EFBC}") = "ApiGateway", "ApiGateway\ApiGateway.csproj", "{8856BAE9-567A-4FCE-A05A-D76976A6DE3E}"
EndProject
Project("{FAE04EC0-301F-11D3-BF4B-00C04F79EFBC}") = "OrdersService", "OrdersService\OrdersService.csproj", "{916896D6-37A8-4D53-AE11-4C3672A10611}"
EndProject
Project("{FAE04EC0-301F-11D3-BF4B-00C04F79EFBC}") = "PaymentsService", "PaymentsService\PaymentsService.csproj", "{FBE034BF-A823-4202-A419-766C739973F1}"
EndProject
Project("{FAE04EC0-301F-11D3-BF4B-00C04F79EFBC}") = "Common", "Common\Common.csproj", "{4552F0DE-5717-4B83-B243-6FE916CA7C9E}"
EndProject
Global
	GlobalSection(SolutionConfigurationPlatforms) = preSolution
		Debug|Any CPU = Debug|Any CPU
		Release|Any CPU = Release|Any CPU
	EndGlobalSection
	GlobalSection(ProjectConfigurationPlatforms) = postSolution
		{8856BAE9-567A-4FCE-A05A-D76976A6DE3E}.Debug|Any CPU.ActiveCfg = Debug|Any CPU
		{8856BAE9-567A-4FCE-A05A-D76976A6DE3E}.Debug|Any CPU.Build.0 = Debug|Any CPU
		{8856BAE9-567A-4FCE-A05A-D76976A6DE3E}.Release|Any CPU.ActiveCfg = Release|Any CPU
		{8856BAE9-567A-4FCE-A05A-D76976A6DE3E}.Release|Any CPU.Build.0 = Release|Any CPU
		{916896D6-37A8-4D53-AE11-4C3672A10611}.Debug|Any CPU.ActiveCfg = Debug|Any CPU
		{916896D6-37A8-4D53-AE11-4C3672A10611}.Debug|Any CPU.Build.0 = Debug|Any CPU
		{916896D6-37A8-4D53-AE11-4C3672A10611}.Release|Any CPU.ActiveCfg = Release|Any CPU
		{916896D6-37A8-4D53-AE11-4C3672A10611}.Release|Any CPU.Build.0 = Release|Any CPU
		{FBE034BF-A823-4202-A419-766C739973F1}.Debug|Any CPU.ActiveCfg = Debug|Any CPU
		{FBE034BF-A823-4202-A419-766C739973F1}.Debug|Any CPU.Build.0 = Debug|Any CPU
		{FBE034BF-A823-4202-A419-766C739973F1}.Release|Any CPU.ActiveCfg = Release|Any CPU
		{FBE034BF-A823-4202-A419-766C739973F1}.Release|Any CPU.Build.0 = Release|Any CPU
		{4552F0DE-5717-4B83-B243-6FE916CA7C9E}.Debug|Any CPU.ActiveCfg = Debug|Any CPU
		{4552F0DE-5717-4B83-B243-6FE916CA7C9E}.Debug|Any CPU.Build.0 = Debug|Any CPU
		{4552F0DE-5717-4B83-B243-6FE916CA7C9E}.Release|Any CPU.ActiveCfg = Release|Any CPU
		{4552F0DE-5717-4B83-B243-6FE916CA7C9E}.Release|Any CPU.Build.0 = Release|Any CPU
	EndGlobalSection
	GlobalSection(SolutionProperties) = preSolution
		HideSolutionNode = FALSE
	EndGlobalSection
EndGlobal
